
Microsoft Visual Studio Solution File, Format Version 12.00
# Visual Studio Version 17
VisualStudioVersion = 17.8.34601.278
MinimumVisualStudioVersion = 10.0.40219.1
Project("{FAE04EC0-301F-11D3-BF4B-00C04F79EFBC}") = "Program", "Program\Program.csproj", "{5C267E75-DAED-475B-807B-AF36FCCDC834}"
EndProject
Global
	GlobalSection(SolutionConfigurationPlatforms) = preSolution
		Debug|Any CPU = Debug|Any CPU
		Debug|x64 = Debug|x64
		Debug|x86 = Debug|x86
		Release|Any CPU = Release|Any CPU
		Release|x64 = Release|x64
		Release|x86 = Release|x86
	EndGlobalSection
	GlobalSection(ProjectConfigurationPlatforms) = postSolution
		{5C267E75-DAED-475B-807B-AF36FCCDC834}.Debug|Any CPU.ActiveCfg = Debug|Any CPU
		{5C267E75-DAED-475B-807B-AF36FCCDC834}.Debug|Any CPU.Build.0 = Debug|Any CPU
		{5C267E75-DAED-475B-807B-AF36FCCDC834}.Debug|x64.ActiveCfg = Debug|x64
		{5C267E75-DAED-475B-807B-AF36FCCDC834}.Debug|x64.Build.0 = Debug|x64
		{5C267E75-DAED-475B-807B-AF36FCCDC834}.Debug|x86.ActiveCfg = Debug|x86
		{5C267E75-DAED-475B-807B-AF36FCCDC834}.Debug|x86.Build.0 = Debug|x86
		{5C267E75-DAED-475B-807B-AF36FCCDC834}.Release|Any CPU.ActiveCfg = Release|Any CPU
		{5C267E75-DAED-475B-807B-AF36FCCDC834}.Release|Any CPU.Build.0 = Release|Any CPU
		{5C267E75-DAED-475B-807B-AF36FCCDC834}.Release|x64.ActiveCfg = Release|x64
		{5C267E75-DAED-475B-807B-AF36FCCDC834}.Release|x64.Build.0 = Release|x64
		{5C267E75-DAED-475B-807B-AF36FCCDC834}.Release|x86.ActiveCfg = Release|x86
		{5C267E75-DAED-475B-807B-AF36FCCDC834}.Release|x86.Build.0 = Release|x86
	EndGlobalSection
	GlobalSection(SolutionProperties) = preSolution
		HideSolutionNode = FALSE
	EndGlobalSection
	GlobalSection(ExtensibilityGlobals) = postSolution
		SolutionGuid = {42DCA7B9-5FA7-476F-85B1-975348773858}
	EndGlobalSection
EndGlobal
